
Microsoft Visual Studio Solution File, Format Version 12.00
Project("{FAE04EC0-301F-11D3-BF4B-00C04F79EFBC}") = "ExceptionHandler", "ExceptionHandler\ExceptionHandler.csproj", "{8DCFA3E0-122C-49CE-A4DE-9647AEE510BE}"
EndProject
Global
	GlobalSection(SolutionConfigurationPlatforms) = preSolution
		Debug|Any CPU = Debug|Any CPU
		Release|Any CPU = Release|Any CPU
	EndGlobalSection
	GlobalSection(ProjectConfigurationPlatforms) = postSolution
		{8DCFA3E0-122C-49CE-A4DE-9647AEE510BE}.Debug|Any CPU.ActiveCfg = Debug|Any CPU
		{8DCFA3E0-122C-49CE-A4DE-9647AEE510BE}.Debug|Any CPU.Build.0 = Debug|Any CPU
		{8DCFA3E0-122C-49CE-A4DE-9647AEE510BE}.Release|Any CPU.ActiveCfg = Release|Any CPU
		{8DCFA3E0-122C-49CE-A4DE-9647AEE510BE}.Release|Any CPU.Build.0 = Release|Any CPU
	EndGlobalSection
EndGlobal
