
Microsoft Visual Studio Solution File, Format Version 12.00
Project("{FAE04EC0-301F-11D3-BF4B-00C04F79EFBC}") = "FactoryPattern.API", "FactoryPattern.API\FactoryPattern.API.csproj", "{AB658412-2797-4242-AE2D-F550E2CAA082}"
EndProject
Global
	GlobalSection(SolutionConfigurationPlatforms) = preSolution
		Debug|Any CPU = Debug|Any CPU
		Release|Any CPU = Release|Any CPU
	EndGlobalSection
	GlobalSection(ProjectConfigurationPlatforms) = postSolution
		{AB658412-2797-4242-AE2D-F550E2CAA082}.Debug|Any CPU.ActiveCfg = Debug|Any CPU
		{AB658412-2797-4242-AE2D-F550E2CAA082}.Debug|Any CPU.Build.0 = Debug|Any CPU
		{AB658412-2797-4242-AE2D-F550E2CAA082}.Release|Any CPU.ActiveCfg = Release|Any CPU
		{AB658412-2797-4242-AE2D-F550E2CAA082}.Release|Any CPU.Build.0 = Release|Any CPU
	EndGlobalSection
EndGlobal
